// !$*UTF8*$!
{
	archiveVersion = 1;
	classes = {
	};
	objectVersion = 56;
	objects = {

/* Begin PBXBuildFile section */
		C31863A32C2701D6003EF4F7 /* Crafty Watch App.app in Embed Watch Content */ = {isa = PBXBuildFile; fileRef = C31863A22C2701D6003EF4F7 /* Crafty Watch App.app */; settings = {ATTRIBUTES = (RemoveHeadersOnCopy, ); }; };
		C31863A82C2701D6003EF4F7 /* CraftyApp.swift in Sources */ = {isa = PBXBuildFile; fileRef = C31863A72C2701D6003EF4F7 /* CraftyApp.swift */; };
		C31863AA2C2701D6003EF4F7 /* ContentView.swift in Sources */ = {isa = PBXBuildFile; fileRef = C31863A92C2701D6003EF4F7 /* ContentView.swift */; };
		C31863AC2C2701D7003EF4F7 /* Assets.xcassets in Resources */ = {isa = PBXBuildFile; fileRef = C31863AB2C2701D7003EF4F7 /* Assets.xcassets */; };
		C31863AF2C2701D7003EF4F7 /* Preview Assets.xcassets in Resources */ = {isa = PBXBuildFile; fileRef = C31863AE2C2701D7003EF4F7 /* Preview Assets.xcassets */; };
		C31863B92C2701D7003EF4F7 /* Crafty_Watch_AppTests.swift in Sources */ = {isa = PBXBuildFile; fileRef = C31863B82C2701D7003EF4F7 /* Crafty_Watch_AppTests.swift */; };
		C31863C32C2701D7003EF4F7 /* Crafty_Watch_AppUITests.swift in Sources */ = {isa = PBXBuildFile; fileRef = C31863C22C2701D7003EF4F7 /* Crafty_Watch_AppUITests.swift */; };
		C31863C52C2701D7003EF4F7 /* Crafty_Watch_AppUITestsLaunchTests.swift in Sources */ = {isa = PBXBuildFile; fileRef = C31863C42C2701D7003EF4F7 /* Crafty_Watch_AppUITestsLaunchTests.swift */; };
		C31863D62C270245003EF4F7 /* BluetoothManager.swift in Sources */ = {isa = PBXBuildFile; fileRef = C31863D52C270245003EF4F7 /* BluetoothManager.swift */; };
		C3B795372C272640000C3962 /* HapticFeedback.swift in Sources */ = {isa = PBXBuildFile; fileRef = C3B795362C272640000C3962 /* HapticFeedback.swift */; };
		C3B795392C272660000C3962 /* DeviceListView.swift in Sources */ = {isa = PBXBuildFile; fileRef = C3B795382C272660000C3962 /* DeviceListView.swift */; };
		C3B7953B2C27267D000C3962 /* ConnectedView.swift in Sources */ = {isa = PBXBuildFile; fileRef = C3B7953A2C27267D000C3962 /* ConnectedView.swift */; };
		C3B7953D2C2734BF000C3962 /* TemperatureGauge.swift in Sources */ = {isa = PBXBuildFile; fileRef = C3B7953C2C2734BF000C3962 /* TemperatureGauge.swift */; };
/* End PBXBuildFile section */

/* Begin PBXContainerItemProxy section */
		C31863A42C2701D6003EF4F7 /* PBXContainerItemProxy */ = {
			isa = PBXContainerItemProxy;
			containerPortal = C31863962C2701D5003EF4F7 /* Project object */;
			proxyType = 1;
			remoteGlobalIDString = C31863A12C2701D6003EF4F7;
			remoteInfo = "Crafty Watch App";
		};
		C31863B52C2701D7003EF4F7 /* PBXContainerItemProxy */ = {
			isa = PBXContainerItemProxy;
			containerPortal = C31863962C2701D5003EF4F7 /* Project object */;
			proxyType = 1;
			remoteGlobalIDString = C31863A12C2701D6003EF4F7;
			remoteInfo = "Crafty Watch App";
		};
		C31863BF2C2701D7003EF4F7 /* PBXContainerItemProxy */ = {
			isa = PBXContainerItemProxy;
			containerPortal = C31863962C2701D5003EF4F7 /* Project object */;
			proxyType = 1;
			remoteGlobalIDString = C31863A12C2701D6003EF4F7;
			remoteInfo = "Crafty Watch App";
		};
/* End PBXContainerItemProxy section */

/* Begin PBXCopyFilesBuildPhase section */
		C31863CB2C2701D7003EF4F7 /* Embed Watch Content */ = {
			isa = PBXCopyFilesBuildPhase;
			buildActionMask = 2147483647;
			dstPath = "$(CONTENTS_FOLDER_PATH)/Watch";
			dstSubfolderSpec = 16;
			files = (
				C31863A32C2701D6003EF4F7 /* Crafty Watch App.app in Embed Watch Content */,
			);
			name = "Embed Watch Content";
			runOnlyForDeploymentPostprocessing = 0;
		};
/* End PBXCopyFilesBuildPhase section */

/* Begin PBXFileReference section */
		C318639C2C2701D6003EF4F7 /* Crafty.app */ = {isa = PBXFileReference; explicitFileType = wrapper.application; includeInIndex = 0; path = Crafty.app; sourceTree = BUILT_PRODUCTS_DIR; };
		C31863A22C2701D6003EF4F7 /* Crafty Watch App.app */ = {isa = PBXFileReference; explicitFileType = wrapper.application; includeInIndex = 0; path = "Crafty Watch App.app"; sourceTree = BUILT_PRODUCTS_DIR; };
		C31863A72C2701D6003EF4F7 /* CraftyApp.swift */ = {isa = PBXFileReference; lastKnownFileType = sourcecode.swift; path = CraftyApp.swift; sourceTree = "<group>"; };
		C31863A92C2701D6003EF4F7 /* ContentView.swift */ = {isa = PBXFileReference; lastKnownFileType = sourcecode.swift; path = ContentView.swift; sourceTree = "<group>"; };
		C31863AB2C2701D7003EF4F7 /* Assets.xcassets */ = {isa = PBXFileReference; lastKnownFileType = folder.assetcatalog; path = Assets.xcassets; sourceTree = "<group>"; };
		C31863AE2C2701D7003EF4F7 /* Preview Assets.xcassets */ = {isa = PBXFileReference; lastKnownFileType = folder.assetcatalog; path = "Preview Assets.xcassets"; sourceTree = "<group>"; };
		C31863B42C2701D7003EF4F7 /* Crafty Watch AppTests.xctest */ = {isa = PBXFileReference; explicitFileType = wrapper.cfbundle; includeInIndex = 0; path = "Crafty Watch AppTests.xctest"; sourceTree = BUILT_PRODUCTS_DIR; };
		C31863B82C2701D7003EF4F7 /* Crafty_Watch_AppTests.swift */ = {isa = PBXFileReference; lastKnownFileType = sourcecode.swift; path = Crafty_Watch_AppTests.swift; sourceTree = "<group>"; };
		C31863BE2C2701D7003EF4F7 /* Crafty Watch AppUITests.xctest */ = {isa = PBXFileReference; explicitFileType = wrapper.cfbundle; includeInIndex = 0; path = "Crafty Watch AppUITests.xctest"; sourceTree = BUILT_PRODUCTS_DIR; };
		C31863C22C2701D7003EF4F7 /* Crafty_Watch_AppUITests.swift */ = {isa = PBXFileReference; lastKnownFileType = sourcecode.swift; path = Crafty_Watch_AppUITests.swift; sourceTree = "<group>"; };
		C31863C42C2701D7003EF4F7 /* Crafty_Watch_AppUITestsLaunchTests.swift */ = {isa = PBXFileReference; lastKnownFileType = sourcecode.swift; path = Crafty_Watch_AppUITestsLaunchTests.swift; sourceTree = "<group>"; };
		C31863D52C270245003EF4F7 /* BluetoothManager.swift */ = {isa = PBXFileReference; lastKnownFileType = sourcecode.swift; path = BluetoothManager.swift; sourceTree = "<group>"; };
		C31863D92C27034B003EF4F7 /* Crafty-Watch-App-Info.plist */ = {isa = PBXFileReference; lastKnownFileType = text.plist; path = "Crafty-Watch-App-Info.plist"; sourceTree = SOURCE_ROOT; };
		C3B795362C272640000C3962 /* HapticFeedback.swift */ = {isa = PBXFileReference; lastKnownFileType = sourcecode.swift; path = HapticFeedback.swift; sourceTree = "<group>"; };
		C3B795382C272660000C3962 /* DeviceListView.swift */ = {isa = PBXFileReference; lastKnownFileType = sourcecode.swift; path = DeviceListView.swift; sourceTree = "<group>"; };
		C3B7953A2C27267D000C3962 /* ConnectedView.swift */ = {isa = PBXFileReference; lastKnownFileType = sourcecode.swift; path = ConnectedView.swift; sourceTree = "<group>"; };
		C3B7953C2C2734BF000C3962 /* TemperatureGauge.swift */ = {isa = PBXFileReference; lastKnownFileType = sourcecode.swift; path = TemperatureGauge.swift; sourceTree = "<group>"; };
/* End PBXFileReference section */

/* Begin PBXFrameworksBuildPhase section */
		C318639F2C2701D6003EF4F7 /* Frameworks */ = {
			isa = PBXFrameworksBuildPhase;
			buildActionMask = 2147483647;
			files = (
			);
			runOnlyForDeploymentPostprocessing = 0;
		};
		C31863B12C2701D7003EF4F7 /* Frameworks */ = {
			isa = PBXFrameworksBuildPhase;
			buildActionMask = 2147483647;
			files = (
			);
			runOnlyForDeploymentPostprocessing = 0;
		};
		C31863BB2C2701D7003EF4F7 /* Frameworks */ = {
			isa = PBXFrameworksBuildPhase;
			buildActionMask = 2147483647;
			files = (
			);
			runOnlyForDeploymentPostprocessing = 0;
		};
/* End PBXFrameworksBuildPhase section */

/* Begin PBXGroup section */
		C31863952C2701D5003EF4F7 = {
			isa = PBXGroup;
			children = (
				C31863A62C2701D6003EF4F7 /* Crafty Watch App */,
				C31863B72C2701D7003EF4F7 /* Crafty Watch AppTests */,
				C31863C12C2701D7003EF4F7 /* Crafty Watch AppUITests */,
				C318639D2C2701D6003EF4F7 /* Products */,
				C31863DA2C270355003EF4F7 /* Frameworks */,
			);
			sourceTree = "<group>";
		};
		C318639D2C2701D6003EF4F7 /* Products */ = {
			isa = PBXGroup;
			children = (
				C318639C2C2701D6003EF4F7 /* Crafty.app */,
				C31863A22C2701D6003EF4F7 /* Crafty Watch App.app */,
				C31863B42C2701D7003EF4F7 /* Crafty Watch AppTests.xctest */,
				C31863BE2C2701D7003EF4F7 /* Crafty Watch AppUITests.xctest */,
			);
			name = Products;
			sourceTree = "<group>";
		};
		C31863A62C2701D6003EF4F7 /* Crafty Watch App */ = {
			isa = PBXGroup;
			children = (
				C31863D92C27034B003EF4F7 /* Crafty-Watch-App-Info.plist */,
				C31863A72C2701D6003EF4F7 /* CraftyApp.swift */,
				C31863A92C2701D6003EF4F7 /* ContentView.swift */,
				C31863AB2C2701D7003EF4F7 /* Assets.xcassets */,
				C31863AD2C2701D7003EF4F7 /* Preview Content */,
				C31863D52C270245003EF4F7 /* BluetoothManager.swift */,
				C3B7953A2C27267D000C3962 /* ConnectedView.swift */,
				C3B795362C272640000C3962 /* HapticFeedback.swift */,
				C3B795382C272660000C3962 /* DeviceListView.swift */,
				C3B7953C2C2734BF000C3962 /* TemperatureGauge.swift */,
			);
			path = "Crafty Watch App";
			sourceTree = "<group>";
		};
		C31863AD2C2701D7003EF4F7 /* Preview Content */ = {
			isa = PBXGroup;
			children = (
				C31863AE2C2701D7003EF4F7 /* Preview Assets.xcassets */,
			);
			path = "Preview Content";
			sourceTree = "<group>";
		};
		C31863B72C2701D7003EF4F7 /* Crafty Watch AppTests */ = {
			isa = PBXGroup;
			children = (
				C31863B82C2701D7003EF4F7 /* Crafty_Watch_AppTests.swift */,
			);
			path = "Crafty Watch AppTests";
			sourceTree = "<group>";
		};
		C31863C12C2701D7003EF4F7 /* Crafty Watch AppUITests */ = {
			isa = PBXGroup;
			children = (
				C31863C22C2701D7003EF4F7 /* Crafty_Watch_AppUITests.swift */,
				C31863C42C2701D7003EF4F7 /* Crafty_Watch_AppUITestsLaunchTests.swift */,
			);
			path = "Crafty Watch AppUITests";
			sourceTree = "<group>";
		};
		C31863DA2C270355003EF4F7 /* Frameworks */ = {
			isa = PBXGroup;
			children = (
			);
			name = Frameworks;
			sourceTree = "<group>";
		};
/* End PBXGroup section */

/* Begin PBXNativeTarget section */
		C318639B2C2701D6003EF4F7 /* Crafty */ = {
			isa = PBXNativeTarget;
			buildConfigurationList = C31863CC2C2701D7003EF4F7 /* Build configuration list for PBXNativeTarget "Crafty" */;
			buildPhases = (
				C318639A2C2701D6003EF4F7 /* Resources */,
				C31863CB2C2701D7003EF4F7 /* Embed Watch Content */,
			);
			buildRules = (
			);
			dependencies = (
				C31863A52C2701D6003EF4F7 /* PBXTargetDependency */,
			);
			name = Crafty;
			productName = Crafty;
			productReference = C318639C2C2701D6003EF4F7 /* Crafty.app */;
			productType = "com.apple.product-type.application.watchapp2-container";
		};
		C31863A12C2701D6003EF4F7 /* Crafty Watch App */ = {
			isa = PBXNativeTarget;
			buildConfigurationList = C31863C82C2701D7003EF4F7 /* Build configuration list for PBXNativeTarget "Crafty Watch App" */;
			buildPhases = (
				C318639E2C2701D6003EF4F7 /* Sources */,
				C318639F2C2701D6003EF4F7 /* Frameworks */,
				C31863A02C2701D6003EF4F7 /* Resources */,
			);
			buildRules = (
			);
			dependencies = (
			);
			name = "Crafty Watch App";
			productName = "Crafty Watch App";
			productReference = C31863A22C2701D6003EF4F7 /* Crafty Watch App.app */;
			productType = "com.apple.product-type.application";
		};
		C31863B32C2701D7003EF4F7 /* Crafty Watch AppTests */ = {
			isa = PBXNativeTarget;
			buildConfigurationList = C31863CF2C2701D7003EF4F7 /* Build configuration list for PBXNativeTarget "Crafty Watch AppTests" */;
			buildPhases = (
				C31863B02C2701D7003EF4F7 /* Sources */,
				C31863B12C2701D7003EF4F7 /* Frameworks */,
				C31863B22C2701D7003EF4F7 /* Resources */,
			);
			buildRules = (
			);
			dependencies = (
				C31863B62C2701D7003EF4F7 /* PBXTargetDependency */,
			);
			name = "Crafty Watch AppTests";
			productName = "Crafty Watch AppTests";
			productReference = C31863B42C2701D7003EF4F7 /* Crafty Watch AppTests.xctest */;
			productType = "com.apple.product-type.bundle.unit-test";
		};
		C31863BD2C2701D7003EF4F7 /* Crafty Watch AppUITests */ = {
			isa = PBXNativeTarget;
			buildConfigurationList = C31863D22C2701D7003EF4F7 /* Build configuration list for PBXNativeTarget "Crafty Watch AppUITests" */;
			buildPhases = (
				C31863BA2C2701D7003EF4F7 /* Sources */,
				C31863BB2C2701D7003EF4F7 /* Frameworks */,
				C31863BC2C2701D7003EF4F7 /* Resources */,
			);
			buildRules = (
			);
			dependencies = (
				C31863C02C2701D7003EF4F7 /* PBXTargetDependency */,
			);
			name = "Crafty Watch AppUITests";
			productName = "Crafty Watch AppUITests";
			productReference = C31863BE2C2701D7003EF4F7 /* Crafty Watch AppUITests.xctest */;
			productType = "com.apple.product-type.bundle.ui-testing";
		};
/* End PBXNativeTarget section */

/* Begin PBXProject section */
		C31863962C2701D5003EF4F7 /* Project object */ = {
			isa = PBXProject;
			attributes = {
				BuildIndependentTargetsInParallel = 1;
				LastSwiftUpdateCheck = 1540;
				LastUpgradeCheck = 1540;
				TargetAttributes = {
					C318639B2C2701D6003EF4F7 = {
						CreatedOnToolsVersion = 15.4;
					};
					C31863A12C2701D6003EF4F7 = {
						CreatedOnToolsVersion = 15.4;
					};
					C31863B32C2701D7003EF4F7 = {
						CreatedOnToolsVersion = 15.4;
						TestTargetID = C31863A12C2701D6003EF4F7;
					};
					C31863BD2C2701D7003EF4F7 = {
						CreatedOnToolsVersion = 15.4;
						TestTargetID = C31863A12C2701D6003EF4F7;
					};
				};
			};
			buildConfigurationList = C31863992C2701D5003EF4F7 /* Build configuration list for PBXProject "Crafty" */;
			compatibilityVersion = "Xcode 14.0";
			developmentRegion = en;
			hasScannedForEncodings = 0;
			knownRegions = (
				en,
				Base,
			);
			mainGroup = C31863952C2701D5003EF4F7;
			productRefGroup = C318639D2C2701D6003EF4F7 /* Products */;
			projectDirPath = "";
			projectRoot = "";
			targets = (
				C318639B2C2701D6003EF4F7 /* Crafty */,
				C31863A12C2701D6003EF4F7 /* Crafty Watch App */,
				C31863B32C2701D7003EF4F7 /* Crafty Watch AppTests */,
				C31863BD2C2701D7003EF4F7 /* Crafty Watch AppUITests */,
			);
		};
/* End PBXProject section */

/* Begin PBXResourcesBuildPhase section */
		C318639A2C2701D6003EF4F7 /* Resources */ = {
			isa = PBXResourcesBuildPhase;
			buildActionMask = 2147483647;
			files = (
			);
			runOnlyForDeploymentPostprocessing = 0;
		};
		C31863A02C2701D6003EF4F7 /* Resources */ = {
			isa = PBXResourcesBuildPhase;
			buildActionMask = 2147483647;
			files = (
				C31863AF2C2701D7003EF4F7 /* Preview Assets.xcassets in Resources */,
				C31863AC2C2701D7003EF4F7 /* Assets.xcassets in Resources */,
			);
			runOnlyForDeploymentPostprocessing = 0;
		};
		C31863B22C2701D7003EF4F7 /* Resources */ = {
			isa = PBXResourcesBuildPhase;
			buildActionMask = 2147483647;
			files = (
			);
			runOnlyForDeploymentPostprocessing = 0;
		};
		C31863BC2C2701D7003EF4F7 /* Resources */ = {
			isa = PBXResourcesBuildPhase;
			buildActionMask = 2147483647;
			files = (
			);
			runOnlyForDeploymentPostprocessing = 0;
		};
/* End PBXResourcesBuildPhase section */

/* Begin PBXSourcesBuildPhase section */
		C318639E2C2701D6003EF4F7 /* Sources */ = {
			isa = PBXSourcesBuildPhase;
			buildActionMask = 2147483647;
			files = (
				C3B7953D2C2734BF000C3962 /* TemperatureGauge.swift in Sources */,
				C31863AA2C2701D6003EF4F7 /* ContentView.swift in Sources */,
				C3B795372C272640000C3962 /* HapticFeedback.swift in Sources */,
				C3B7953B2C27267D000C3962 /* ConnectedView.swift in Sources */,
				C3B795392C272660000C3962 /* DeviceListView.swift in Sources */,
				C31863D62C270245003EF4F7 /* BluetoothManager.swift in Sources */,
				C31863A82C2701D6003EF4F7 /* CraftyApp.swift in Sources */,
			);
			runOnlyForDeploymentPostprocessing = 0;
		};
		C31863B02C2701D7003EF4F7 /* Sources */ = {
			isa = PBXSourcesBuildPhase;
			buildActionMask = 2147483647;
			files = (
				C31863B92C2701D7003EF4F7 /* Crafty_Watch_AppTests.swift in Sources */,
			);
			runOnlyForDeploymentPostprocessing = 0;
		};
		C31863BA2C2701D7003EF4F7 /* Sources */ = {
			isa = PBXSourcesBuildPhase;
			buildActionMask = 2147483647;
			files = (
				C31863C32C2701D7003EF4F7 /* Crafty_Watch_AppUITests.swift in Sources */,
				C31863C52C2701D7003EF4F7 /* Crafty_Watch_AppUITestsLaunchTests.swift in Sources */,
			);
			runOnlyForDeploymentPostprocessing = 0;
		};
/* End PBXSourcesBuildPhase section */

/* Begin PBXTargetDependency section */
		C31863A52C2701D6003EF4F7 /* PBXTargetDependency */ = {
			isa = PBXTargetDependency;
			target = C31863A12C2701D6003EF4F7 /* Crafty Watch App */;
			targetProxy = C31863A42C2701D6003EF4F7 /* PBXContainerItemProxy */;
		};
		C31863B62C2701D7003EF4F7 /* PBXTargetDependency */ = {
			isa = PBXTargetDependency;
			target = C31863A12C2701D6003EF4F7 /* Crafty Watch App */;
			targetProxy = C31863B52C2701D7003EF4F7 /* PBXContainerItemProxy */;
		};
		C31863C02C2701D7003EF4F7 /* PBXTargetDependency */ = {
			isa = PBXTargetDependency;
			target = C31863A12C2701D6003EF4F7 /* Crafty Watch App */;
			targetProxy = C31863BF2C2701D7003EF4F7 /* PBXContainerItemProxy */;
		};
/* End PBXTargetDependency section */

/* Begin XCBuildConfiguration section */
		C31863C62C2701D7003EF4F7 /* Debug */ = {
			isa = XCBuildConfiguration;
			buildSettings = {
				ALWAYS_SEARCH_USER_PATHS = NO;
				ASSETCATALOG_COMPILER_GENERATE_SWIFT_ASSET_SYMBOL_EXTENSIONS = YES;
				CLANG_ANALYZER_NONNULL = YES;
				CLANG_ANALYZER_NUMBER_OBJECT_CONVERSION = YES_AGGRESSIVE;
				CLANG_CXX_LANGUAGE_STANDARD = "gnu++20";
				CLANG_ENABLE_MODULES = YES;
				CLANG_ENABLE_OBJC_ARC = YES;
				CLANG_ENABLE_OBJC_WEAK = YES;
				CLANG_WARN_BLOCK_CAPTURE_AUTORELEASING = YES;
				CLANG_WARN_BOOL_CONVERSION = YES;
				CLANG_WARN_COMMA = YES;
				CLANG_WARN_CONSTANT_CONVERSION = YES;
				CLANG_WARN_DEPRECATED_OBJC_IMPLEMENTATIONS = YES;
				CLANG_WARN_DIRECT_OBJC_ISA_USAGE = YES_ERROR;
				CLANG_WARN_DOCUMENTATION_COMMENTS = YES;
				CLANG_WARN_EMPTY_BODY = YES;
				CLANG_WARN_ENUM_CONVERSION = YES;
				CLANG_WARN_INFINITE_RECURSION = YES;
				CLANG_WARN_INT_CONVERSION = YES;
				CLANG_WARN_NON_LITERAL_NULL_CONVERSION = YES;
				CLANG_WARN_OBJC_IMPLICIT_RETAIN_SELF = YES;
				CLANG_WARN_OBJC_LITERAL_CONVERSION = YES;
				CLANG_WARN_OBJC_ROOT_CLASS = YES_ERROR;
				CLANG_WARN_QUOTED_INCLUDE_IN_FRAMEWORK_HEADER = YES;
				CLANG_WARN_RANGE_LOOP_ANALYSIS = YES;
				CLANG_WARN_STRICT_PROTOTYPES = YES;
				CLANG_WARN_SUSPICIOUS_MOVE = YES;
				CLANG_WARN_UNGUARDED_AVAILABILITY = YES_AGGRESSIVE;
				CLANG_WARN_UNREACHABLE_CODE = YES;
				CLANG_WARN__DUPLICATE_METHOD_MATCH = YES;
				COPY_PHASE_STRIP = NO;
				DEBUG_INFORMATION_FORMAT = dwarf;
				ENABLE_STRICT_OBJC_MSGSEND = YES;
				ENABLE_TESTABILITY = YES;
				ENABLE_USER_SCRIPT_SANDBOXING = YES;
				GCC_C_LANGUAGE_STANDARD = gnu17;
				GCC_DYNAMIC_NO_PIC = NO;
				GCC_NO_COMMON_BLOCKS = YES;
				GCC_OPTIMIZATION_LEVEL = 0;
				GCC_PREPROCESSOR_DEFINITIONS = (
					"DEBUG=1",
					"$(inherited)",
				);
				GCC_WARN_64_TO_32_BIT_CONVERSION = YES;
				GCC_WARN_ABOUT_RETURN_TYPE = YES_ERROR;
				GCC_WARN_UNDECLARED_SELECTOR = YES;
				GCC_WARN_UNINITIALIZED_AUTOS = YES_AGGRESSIVE;
				GCC_WARN_UNUSED_FUNCTION = YES;
				GCC_WARN_UNUSED_VARIABLE = YES;
				LOCALIZATION_PREFERS_STRING_CATALOGS = YES;
				MTL_ENABLE_DEBUG_INFO = INCLUDE_SOURCE;
				MTL_FAST_MATH = YES;
				ONLY_ACTIVE_ARCH = YES;
				SWIFT_ACTIVE_COMPILATION_CONDITIONS = "DEBUG $(inherited)";
				SWIFT_OPTIMIZATION_LEVEL = "-Onone";
			};
			name = Debug;
		};
		C31863C72C2701D7003EF4F7 /* Release */ = {
			isa = XCBuildConfiguration;
			buildSettings = {
				ALWAYS_SEARCH_USER_PATHS = NO;
				ASSETCATALOG_COMPILER_GENERATE_SWIFT_ASSET_SYMBOL_EXTENSIONS = YES;
				CLANG_ANALYZER_NONNULL = YES;
				CLANG_ANALYZER_NUMBER_OBJECT_CONVERSION = YES_AGGRESSIVE;
				CLANG_CXX_LANGUAGE_STANDARD = "gnu++20";
				CLANG_ENABLE_MODULES = YES;
				CLANG_ENABLE_OBJC_ARC = YES;
				CLANG_ENABLE_OBJC_WEAK = YES;
				CLANG_WARN_BLOCK_CAPTURE_AUTORELEASING = YES;
				CLANG_WARN_BOOL_CONVERSION = YES;
				CLANG_WARN_COMMA = YES;
				CLANG_WARN_CONSTANT_CONVERSION = YES;
				CLANG_WARN_DEPRECATED_OBJC_IMPLEMENTATIONS = YES;
				CLANG_WARN_DIRECT_OBJC_ISA_USAGE = YES_ERROR;
				CLANG_WARN_DOCUMENTATION_COMMENTS = YES;
				CLANG_WARN_EMPTY_BODY = YES;
				CLANG_WARN_ENUM_CONVERSION = YES;
				CLANG_WARN_INFINITE_RECURSION = YES;
				CLANG_WARN_INT_CONVERSION = YES;
				CLANG_WARN_NON_LITERAL_NULL_CONVERSION = YES;
				CLANG_WARN_OBJC_IMPLICIT_RETAIN_SELF = YES;
				CLANG_WARN_OBJC_LITERAL_CONVERSION = YES;
				CLANG_WARN_OBJC_ROOT_CLASS = YES_ERROR;
				CLANG_WARN_QUOTED_INCLUDE_IN_FRAMEWORK_HEADER = YES;
				CLANG_WARN_RANGE_LOOP_ANALYSIS = YES;
				CLANG_WARN_STRICT_PROTOTYPES = YES;
				CLANG_WARN_SUSPICIOUS_MOVE = YES;
				CLANG_WARN_UNGUARDED_AVAILABILITY = YES_AGGRESSIVE;
				CLANG_WARN_UNREACHABLE_CODE = YES;
				CLANG_WARN__DUPLICATE_METHOD_MATCH = YES;
				COPY_PHASE_STRIP = NO;
				DEBUG_INFORMATION_FORMAT = "dwarf-with-dsym";
				ENABLE_NS_ASSERTIONS = NO;
				ENABLE_STRICT_OBJC_MSGSEND = YES;
				ENABLE_USER_SCRIPT_SANDBOXING = YES;
				GCC_C_LANGUAGE_STANDARD = gnu17;
				GCC_NO_COMMON_BLOCKS = YES;
				GCC_WARN_64_TO_32_BIT_CONVERSION = YES;
				GCC_WARN_ABOUT_RETURN_TYPE = YES_ERROR;
				GCC_WARN_UNDECLARED_SELECTOR = YES;
				GCC_WARN_UNINITIALIZED_AUTOS = YES_AGGRESSIVE;
				GCC_WARN_UNUSED_FUNCTION = YES;
				GCC_WARN_UNUSED_VARIABLE = YES;
				LOCALIZATION_PREFERS_STRING_CATALOGS = YES;
				MTL_ENABLE_DEBUG_INFO = NO;
				MTL_FAST_MATH = YES;
				SWIFT_COMPILATION_MODE = wholemodule;
			};
			name = Release;
		};
		C31863C92C2701D7003EF4F7 /* Debug */ = {
			isa = XCBuildConfiguration;
			buildSettings = {
				ASSETCATALOG_COMPILER_APPICON_NAME = AppIcon;
				ASSETCATALOG_COMPILER_GLOBAL_ACCENT_COLOR_NAME = AccentColor;
				CODE_SIGN_STYLE = Automatic;
				CURRENT_PROJECT_VERSION = 1;
				DEVELOPMENT_ASSET_PATHS = "\"Crafty Watch App/Preview Content\"";
				DEVELOPMENT_TEAM = RP95N68A3C;
				ENABLE_PREVIEWS = YES;
				GENERATE_INFOPLIST_FILE = YES;
				INFOPLIST_FILE = "Crafty-Watch-App-Info.plist";
				INFOPLIST_KEY_CFBundleDisplayName = Crafty;
				INFOPLIST_KEY_NSBluetoothAlwaysUsageDescription = Teste;
				INFOPLIST_KEY_UISupportedInterfaceOrientations = "UIInterfaceOrientationPortrait UIInterfaceOrientationPortraitUpsideDown";
				INFOPLIST_KEY_WKWatchOnly = YES;
				LD_RUNPATH_SEARCH_PATHS = (
					"$(inherited)",
					"@executable_path/Frameworks",
				);
				MARKETING_VERSION = 1.0;
				PRODUCT_BUNDLE_IDENTIFIER = gsasouza.Crafty.watchkitapp;
				PRODUCT_NAME = "$(TARGET_NAME)";
				SDKROOT = watchos;
				SKIP_INSTALL = YES;
				SWIFT_EMIT_LOC_STRINGS = YES;
				SWIFT_VERSION = 5.0;
				TARGETED_DEVICE_FAMILY = 4;
				WATCHOS_DEPLOYMENT_TARGET = 10.5;
			};
			name = Debug;
		};
		C31863CA2C2701D7003EF4F7 /* Release */ = {
			isa = XCBuildConfiguration;
			buildSettings = {
				ASSETCATALOG_COMPILER_APPICON_NAME = AppIcon;
				ASSETCATALOG_COMPILER_GLOBAL_ACCENT_COLOR_NAME = AccentColor;
				CODE_SIGN_STYLE = Automatic;
				CURRENT_PROJECT_VERSION = 1;
				DEVELOPMENT_ASSET_PATHS = "\"Crafty Watch App/Preview Content\"";
				DEVELOPMENT_TEAM = RP95N68A3C;
				ENABLE_PREVIEWS = YES;
				GENERATE_INFOPLIST_FILE = YES;
				INFOPLIST_FILE = "Crafty-Watch-App-Info.plist";
				INFOPLIST_KEY_CFBundleDisplayName = Crafty;
				INFOPLIST_KEY_NSBluetoothAlwaysUsageDescription = Teste;
				INFOPLIST_KEY_UISupportedInterfaceOrientations = "UIInterfaceOrientationPortrait UIInterfaceOrientationPortraitUpsideDown";
				INFOPLIST_KEY_WKWatchOnly = YES;
				LD_RUNPATH_SEARCH_PATHS = (
					"$(inherited)",
					"@executable_path/Frameworks",
				);
				MARKETING_VERSION = 1.0;
				PRODUCT_BUNDLE_IDENTIFIER = gsasouza.Crafty.watchkitapp;
				PRODUCT_NAME = "$(TARGET_NAME)";
				SDKROOT = watchos;
				SKIP_INSTALL = YES;
				SWIFT_EMIT_LOC_STRINGS = YES;
				SWIFT_VERSION = 5.0;
				TARGETED_DEVICE_FAMILY = 4;
				VALIDATE_PRODUCT = YES;
				WATCHOS_DEPLOYMENT_TARGET = 10.5;
			};
			name = Release;
		};
		C31863CD2C2701D7003EF4F7 /* Debug */ = {
			isa = XCBuildConfiguration;
			buildSettings = {
				ALWAYS_EMBED_SWIFT_STANDARD_LIBRARIES = YES;
				CODE_SIGN_STYLE = Automatic;
				CURRENT_PROJECT_VERSION = 1;
				DEVELOPMENT_TEAM = RP95N68A3C;
				INFOPLIST_KEY_CFBundleDisplayName = Crafty;
				MARKETING_VERSION = 1.0;
				PRODUCT_BUNDLE_IDENTIFIER = gsasouza.Crafty;
				PRODUCT_NAME = "$(TARGET_NAME)";
				SDKROOT = iphoneos;
				SWIFT_VERSION = 5.0;
			};
			name = Debug;
		};
		C31863CE2C2701D7003EF4F7 /* Release */ = {
			isa = XCBuildConfiguration;
			buildSettings = {
				ALWAYS_EMBED_SWIFT_STANDARD_LIBRARIES = YES;
				CODE_SIGN_STYLE = Automatic;
				CURRENT_PROJECT_VERSION = 1;
				DEVELOPMENT_TEAM = RP95N68A3C;
				INFOPLIST_KEY_CFBundleDisplayName = Crafty;
				MARKETING_VERSION = 1.0;
				PRODUCT_BUNDLE_IDENTIFIER = gsasouza.Crafty;
				PRODUCT_NAME = "$(TARGET_NAME)";
				SDKROOT = iphoneos;
				SWIFT_VERSION = 5.0;
				VALIDATE_PRODUCT = YES;
			};
			name = Release;
		};
		C31863D02C2701D7003EF4F7 /* Debug */ = {
			isa = XCBuildConfiguration;
			buildSettings = {
				ALWAYS_EMBED_SWIFT_STANDARD_LIBRARIES = YES;
				BUNDLE_LOADER = "$(TEST_HOST)";
				CODE_SIGN_STYLE = Automatic;
				CURRENT_PROJECT_VERSION = 1;
				DEVELOPMENT_TEAM = RP95N68A3C;
				GENERATE_INFOPLIST_FILE = YES;
				MARKETING_VERSION = 1.0;
				PRODUCT_BUNDLE_IDENTIFIER = "gsasouza.Crafty-Watch-AppTests";
				PRODUCT_NAME = "$(TARGET_NAME)";
				SDKROOT = watchos;
				SWIFT_EMIT_LOC_STRINGS = NO;
				SWIFT_VERSION = 5.0;
				TARGETED_DEVICE_FAMILY = 4;
				TEST_HOST = "$(BUILT_PRODUCTS_DIR)/Crafty Watch App.app/$(BUNDLE_EXECUTABLE_FOLDER_PATH)/Crafty Watch App";
				WATCHOS_DEPLOYMENT_TARGET = 10.5;
			};
			name = Debug;
		};
		C31863D12C2701D7003EF4F7 /* Release */ = {
			isa = XCBuildConfiguration;
			buildSettings = {
				ALWAYS_EMBED_SWIFT_STANDARD_LIBRARIES = YES;
				BUNDLE_LOADER = "$(TEST_HOST)";
				CODE_SIGN_STYLE = Automatic;
				CURRENT_PROJECT_VERSION = 1;
				DEVELOPMENT_TEAM = RP95N68A3C;
				GENERATE_INFOPLIST_FILE = YES;
				MARKETING_VERSION = 1.0;
				PRODUCT_BUNDLE_IDENTIFIER = "gsasouza.Crafty-Watch-AppTests";
				PRODUCT_NAME = "$(TARGET_NAME)";
				SDKROOT = watchos;
				SWIFT_EMIT_LOC_STRINGS = NO;
				SWIFT_VERSION = 5.0;
				TARGETED_DEVICE_FAMILY = 4;
				TEST_HOST = "$(BUILT_PRODUCTS_DIR)/Crafty Watch App.app/$(BUNDLE_EXECUTABLE_FOLDER_PATH)/Crafty Watch App";
				VALIDATE_PRODUCT = YES;
				WATCHOS_DEPLOYMENT_TARGET = 10.5;
			};
			name = Release;
		};
		C31863D32C2701D7003EF4F7 /* Debug */ = {
			isa = XCBuildConfiguration;
			buildSettings = {
				ALWAYS_EMBED_SWIFT_STANDARD_LIBRARIES = YES;
				CODE_SIGN_STYLE = Automatic;
				CURRENT_PROJECT_VERSION = 1;
				DEVELOPMENT_TEAM = RP95N68A3C;
				GENERATE_INFOPLIST_FILE = YES;
				MARKETING_VERSION = 1.0;
				PRODUCT_BUNDLE_IDENTIFIER = "gsasouza.Crafty-Watch-AppUITests";
				PRODUCT_NAME = "$(TARGET_NAME)";
				SDKROOT = watchos;
				SWIFT_EMIT_LOC_STRINGS = NO;
				SWIFT_VERSION = 5.0;
				TARGETED_DEVICE_FAMILY = 4;
				TEST_TARGET_NAME = "Crafty Watch App";
				WATCHOS_DEPLOYMENT_TARGET = 10.5;
			};
			name = Debug;
		};
		C31863D42C2701D7003EF4F7 /* Release */ = {
			isa = XCBuildConfiguration;
			buildSettings = {
				ALWAYS_EMBED_SWIFT_STANDARD_LIBRARIES = YES;
				CODE_SIGN_STYLE = Automatic;
				CURRENT_PROJECT_VERSION = 1;
				DEVELOPMENT_TEAM = RP95N68A3C;
				GENERATE_INFOPLIST_FILE = YES;
				MARKETING_VERSION = 1.0;
				PRODUCT_BUNDLE_IDENTIFIER = "gsasouza.Crafty-Watch-AppUITests";
				PRODUCT_NAME = "$(TARGET_NAME)";
				SDKROOT = watchos;
				SWIFT_EMIT_LOC_STRINGS = NO;
				SWIFT_VERSION = 5.0;
				TARGETED_DEVICE_FAMILY = 4;
				TEST_TARGET_NAME = "Crafty Watch App";
				VALIDATE_PRODUCT = YES;
				WATCHOS_DEPLOYMENT_TARGET = 10.5;
			};
			name = Release;
		};
/* End XCBuildConfiguration section */

/* Begin XCConfigurationList section */
		C31863992C2701D5003EF4F7 /* Build configuration list for PBXProject "Crafty" */ = {
			isa = XCConfigurationList;
			buildConfigurations = (
				C31863C62C2701D7003EF4F7 /* Debug */,
				C31863C72C2701D7003EF4F7 /* Release */,
			);
			defaultConfigurationIsVisible = 0;
			defaultConfigurationName = Release;
		};
		C31863C82C2701D7003EF4F7 /* Build configuration list for PBXNativeTarget "Crafty Watch App" */ = {
			isa = XCConfigurationList;
			buildConfigurations = (
				C31863C92C2701D7003EF4F7 /* Debug */,
				C31863CA2C2701D7003EF4F7 /* Release */,
			);
			defaultConfigurationIsVisible = 0;
			defaultConfigurationName = Release;
		};
		C31863CC2C2701D7003EF4F7 /* Build configuration list for PBXNativeTarget "Crafty" */ = {
			isa = XCConfigurationList;
			buildConfigurations = (
				C31863CD2C2701D7003EF4F7 /* Debug */,
				C31863CE2C2701D7003EF4F7 /* Release */,
			);
			defaultConfigurationIsVisible = 0;
			defaultConfigurationName = Release;
		};
		C31863CF2C2701D7003EF4F7 /* Build configuration list for PBXNativeTarget "Crafty Watch AppTests" */ = {
			isa = XCConfigurationList;
			buildConfigurations = (
				C31863D02C2701D7003EF4F7 /* Debug */,
				C31863D12C2701D7003EF4F7 /* Release */,
			);
			defaultConfigurationIsVisible = 0;
			defaultConfigurationName = Release;
		};
		C31863D22C2701D7003EF4F7 /* Build configuration list for PBXNativeTarget "Crafty Watch AppUITests" */ = {
			isa = XCConfigurationList;
			buildConfigurations = (
				C31863D32C2701D7003EF4F7 /* Debug */,
				C31863D42C2701D7003EF4F7 /* Release */,
			);
			defaultConfigurationIsVisible = 0;
			defaultConfigurationName = Release;
		};
/* End XCConfigurationList section */
	};
	rootObject = C31863962C2701D5003EF4F7 /* Project object */;
}
